
Microsoft Visual Studio Solution File, Format Version 12.00
# Visual Studio Version 17
VisualStudioVersion = 17.2.32630.192
MinimumVisualStudioVersion = 10.0.40219.1
Project("{FAE04EC0-301F-11D3-BF4B-00C04F79EFBC}") = "ContactAPI", "ContactAPI.csproj", "{87FF218C-CA1D-443D-83A1-E1F2EB635A60}"
EndProject
Global
	GlobalSection(SolutionConfigurationPlatforms) = preSolution
		Debug|Any CPU = Debug|Any CPU
		Release|Any CPU = Release|Any CPU
	EndGlobalSection
	GlobalSection(ProjectConfigurationPlatforms) = postSolution
		{87FF218C-CA1D-443D-83A1-E1F2EB635A60}.Debug|Any CPU.ActiveCfg = Debug|Any CPU
		{87FF218C-CA1D-443D-83A1-E1F2EB635A60}.Debug|Any CPU.Build.0 = Debug|Any CPU
		{87FF218C-CA1D-443D-83A1-E1F2EB635A60}.Release|Any CPU.ActiveCfg = Release|Any CPU
		{87FF218C-CA1D-443D-83A1-E1F2EB635A60}.Release|Any CPU.Build.0 = Release|Any CPU
	EndGlobalSection
	GlobalSection(SolutionProperties) = preSolution
		HideSolutionNode = FALSE
	EndGlobalSection
	GlobalSection(ExtensibilityGlobals) = postSolution
		SolutionGuid = {7F6E9438-7901-492E-853E-C09AB9A244C6}
	EndGlobalSection
EndGlobal
